
Microsoft Visual Studio Solution File, Format Version 12.00
# Visual Studio Version 17
VisualStudioVersion = 17.8.34322.80
MinimumVisualStudioVersion = 10.0.40219.1
Project("{FAE04EC0-301F-11D3-BF4B-00C04F79EFBC}") = "DataAccess", "DataAccess.csproj", "{CAF256D9-3F4A-486A-9EAE-4E0A8585F74B}"
EndProject
Project("{FAE04EC0-301F-11D3-BF4B-00C04F79EFBC}") = "AppProcejct", "..\AppProcejct\AppProcejct.csproj", "{9B71963C-A3D0-4855-A916-4F6E260BDEB4}"
EndProject
Global
	GlobalSection(SolutionConfigurationPlatforms) = preSolution
		Debug|Any CPU = Debug|Any CPU
		Release|Any CPU = Release|Any CPU
	EndGlobalSection
	GlobalSection(ProjectConfigurationPlatforms) = postSolution
		{CAF256D9-3F4A-486A-9EAE-4E0A8585F74B}.Debug|Any CPU.ActiveCfg = Debug|Any CPU
		{CAF256D9-3F4A-486A-9EAE-4E0A8585F74B}.Debug|Any CPU.Build.0 = Debug|Any CPU
		{CAF256D9-3F4A-486A-9EAE-4E0A8585F74B}.Release|Any CPU.ActiveCfg = Release|Any CPU
		{CAF256D9-3F4A-486A-9EAE-4E0A8585F74B}.Release|Any CPU.Build.0 = Release|Any CPU
		{9B71963C-A3D0-4855-A916-4F6E260BDEB4}.Debug|Any CPU.ActiveCfg = Debug|Any CPU
		{9B71963C-A3D0-4855-A916-4F6E260BDEB4}.Debug|Any CPU.Build.0 = Debug|Any CPU
		{9B71963C-A3D0-4855-A916-4F6E260BDEB4}.Release|Any CPU.ActiveCfg = Release|Any CPU
		{9B71963C-A3D0-4855-A916-4F6E260BDEB4}.Release|Any CPU.Build.0 = Release|Any CPU
	EndGlobalSection
	GlobalSection(SolutionProperties) = preSolution
		HideSolutionNode = FALSE
	EndGlobalSection
	GlobalSection(ExtensibilityGlobals) = postSolution
		SolutionGuid = {40F8E8DC-A31C-4243-ABC0-EC1DD331AA8B}
	EndGlobalSection
EndGlobal
